
Microsoft Visual Studio Solution File, Format Version 12.00
# Visual Studio Version 16
VisualStudioVersion = 16.0.30309.148
MinimumVisualStudioVersion = 10.0.40219.1
Project("{FAE04EC0-301F-11D3-BF4B-00C04F79EFBC}") = "wechaty-getting-started", "wechaty-getting-started.csproj", "{267370C7-8401-4437-B761-85DF73AA1935}"
EndProject
Global
	GlobalSection(SolutionConfigurationPlatforms) = preSolution
		Debug|Any CPU = Debug|Any CPU
		Release|Any CPU = Release|Any CPU
	EndGlobalSection
	GlobalSection(ProjectConfigurationPlatforms) = postSolution
		{267370C7-8401-4437-B761-85DF73AA1935}.Debug|Any CPU.ActiveCfg = Debug|Any CPU
		{267370C7-8401-4437-B761-85DF73AA1935}.Debug|Any CPU.Build.0 = Debug|Any CPU
		{267370C7-8401-4437-B761-85DF73AA1935}.Release|Any CPU.ActiveCfg = Release|Any CPU
		{267370C7-8401-4437-B761-85DF73AA1935}.Release|Any CPU.Build.0 = Release|Any CPU
	EndGlobalSection
	GlobalSection(SolutionProperties) = preSolution
		HideSolutionNode = FALSE
	EndGlobalSection
	GlobalSection(ExtensibilityGlobals) = postSolution
		SolutionGuid = {B519D16B-C546-4049-AF81-4018B01058C8}
	EndGlobalSection
EndGlobal
